
Microsoft Visual Studio Solution File, Format Version 12.00
# Visual Studio Version 16
VisualStudioVersion = 16.0.30320.27
MinimumVisualStudioVersion = 10.0.40219.1
Project("{FAE04EC0-301F-11D3-BF4B-00C04F79EFBC}") = "Nearix.HR.Web", "Nearix.HR.Web\Nearix.HR.Web.csproj", "{277569C8-2E8C-47B0-809E-7FAE9F9B69BE}"
EndProject
Global
	GlobalSection(SolutionConfigurationPlatforms) = preSolution
		Debug|Any CPU = Debug|Any CPU
		Release|Any CPU = Release|Any CPU
	EndGlobalSection
	GlobalSection(ProjectConfigurationPlatforms) = postSolution
		{277569C8-2E8C-47B0-809E-7FAE9F9B69BE}.Debug|Any CPU.ActiveCfg = Debug|Any CPU
		{277569C8-2E8C-47B0-809E-7FAE9F9B69BE}.Debug|Any CPU.Build.0 = Debug|Any CPU
		{277569C8-2E8C-47B0-809E-7FAE9F9B69BE}.Release|Any CPU.ActiveCfg = Release|Any CPU
		{277569C8-2E8C-47B0-809E-7FAE9F9B69BE}.Release|Any CPU.Build.0 = Release|Any CPU
	EndGlobalSection
	GlobalSection(SolutionProperties) = preSolution
		HideSolutionNode = FALSE
	EndGlobalSection
	GlobalSection(ExtensibilityGlobals) = postSolution
		SolutionGuid = {365B84C1-91A3-4B9F-83F9-77A3BDFEFB7A}
	EndGlobalSection
EndGlobal
